{
  "version": 4,
  "terraform_version": "1.15.5",
  "serial": 21,
  "lineage": "082a85d0-735b-2832-255a-082ddaa82920",
  "outputs": {
    "droplet_ip": {
      "value": "165.232.79.55",
      "type": "string"
    }
  },
  "resources": [
    {
      "mode": "managed",
      "type": "digitalocean_droplet",
      "name": "minitwit-exam",
      "provider": "provider[\"registry.terraform.io/digitalocean/digitalocean\"]",
      "instances": [
        {
          "index_key": 0,
          "schema_version": 1,
          "attributes": {
            "backup_policy": [],
            "backups": false,
            "created_at": "2026-05-29T09:17:28Z",
            "disk": 50,
            "droplet_agent": null,
            "graceful_shutdown": false,
            "id": "573914664",
            "image": "ubuntu-24-04-x64",
            "ipv4_address": "165.232.79.55",
            "ipv4_address_private": "10.114.0.3",
            "ipv6": false,
            "ipv6_address": "",
            "locked": false,
            "memory": 2048,
            "monitoring": false,
            "name": "node-0",
            "price_hourly": 0.01786,
            "price_monthly": 12,
            "private_networking": true,
            "public_networking": true,
            "region": "fra1",
            "resize_disk": true,
            "size": "s-1vcpu-2gb",
            "ssh_keys": [
              "41:f4:ae:da:02:74:9e:2b:8c:a6:9f:54:67:d8:b8:f8"
            ],
            "status": "active",
            "tags": [
              "swarm"
            ],
            "timeouts": null,
            "urn": "do:droplet:573914664",
            "user_data": null,
            "vcpus": 1,
            "volume_ids": [],
            "vpc_uuid": "9e132a9d-c502-4c56-abd5-ccdfaba394e7"
          },
          "sensitive_attributes": [],
          "identity_schema_version": 0,
          "private": "eyJlMmJmYjczMC1lY2FhLTExZTYtOGY4OC0zNDM2M2JjN2M0YzAiOnsiY3JlYXRlIjozNjAwMDAwMDAwMDAwLCJkZWxldGUiOjYwMDAwMDAwMDAwLCJ1cGRhdGUiOjM2MDAwMDAwMDAwMDB9LCJzY2hlbWFfdmVyc2lvbiI6IjEifQ=="
        }
      ]
    }
  ],
  "check_results": null
}
