{
  "version": 4,
  "terraform_version": "1.15.5",
  "serial": 53,
  "lineage": "082a85d0-735b-2832-255a-082ddaa82920",
  "outputs": {
    "db_exam": {
      "value": "64.226.108.220",
      "type": "string"
    },
    "monitoring_exam": {
      "value": "46.101.231.130",
      "type": "string"
    },
    "swarm_0_ip": {
      "value": "138.68.94.132",
      "type": "string"
    },
    "swarm_1_ip": {
      "value": "64.226.75.91",
      "type": "string"
    },
    "swarm_2_ip": {
      "value": "165.227.163.241",
      "type": "string"
    }
  },
  "resources": [
    {
      "mode": "data",
      "type": "digitalocean_volume",
      "name": "volume_db_exam",
      "provider": "provider[\"registry.terraform.io/digitalocean/digitalocean\"]",
      "instances": [
        {
          "schema_version": 0,
          "attributes": {
            "description": null,
            "droplet_ids": [],
            "filesystem_label": null,
            "filesystem_type": null,
            "id": "93de46a1-5bf0-11f1-907e-0a58ac12ea98",
            "name": "volume-db-exam",
            "region": "fra1",
            "size": 10,
            "tags": [],
            "urn": "do:volume:93de46a1-5bf0-11f1-907e-0a58ac12ea98"
          },
          "sensitive_attributes": [],
          "identity_schema_version": 0
        }
      ]
    },
    {
      "mode": "data",
      "type": "digitalocean_volume",
      "name": "volume_monitoring_exam",
      "provider": "provider[\"registry.terraform.io/digitalocean/digitalocean\"]",
      "instances": [
        {
          "schema_version": 0,
          "attributes": {
            "description": null,
            "droplet_ids": [],
            "filesystem_label": null,
            "filesystem_type": null,
            "id": "83a9175e-5bf0-11f1-b6de-0a58ac12edaa",
            "name": "volume-monitoring-exam",
            "region": "fra1",
            "size": 9,
            "tags": [],
            "urn": "do:volume:83a9175e-5bf0-11f1-b6de-0a58ac12edaa"
          },
          "sensitive_attributes": [],
          "identity_schema_version": 0
        }
      ]
    },
    {
      "mode": "managed",
      "type": "digitalocean_droplet",
      "name": "db_exam",
      "provider": "provider[\"registry.terraform.io/digitalocean/digitalocean\"]",
      "instances": [
        {
          "schema_version": 1,
          "attributes": {
            "backup_policy": [],
            "backups": false,
            "created_at": "2026-05-30T06:35:01Z",
            "disk": 50,
            "droplet_agent": null,
            "graceful_shutdown": false,
            "id": "574093974",
            "image": "ubuntu-24-04-x64",
            "ipv4_address": "64.226.108.220",
            "ipv4_address_private": "10.114.0.11",
            "ipv6": false,
            "ipv6_address": "",
            "locked": false,
            "memory": 2048,
            "monitoring": false,
            "name": "minitwit-db-exam",
            "price_hourly": 0.01786,
            "price_monthly": 12,
            "private_networking": true,
            "public_networking": true,
            "region": "fra1",
            "resize_disk": true,
            "size": "s-1vcpu-2gb",
            "ssh_keys": [
              "41:f4:ae:da:02:74:9e:2b:8c:a6:9f:54:67:d8:b8:f8"
            ],
            "status": "active",
            "tags": [
              "db"
            ],
            "timeouts": null,
            "urn": "do:droplet:574093974",
            "user_data": null,
            "vcpus": 1,
            "volume_ids": [],
            "vpc_uuid": "9e132a9d-c502-4c56-abd5-ccdfaba394e7"
          },
          "sensitive_attributes": [],
          "identity_schema_version": 0,
          "private": "eyJlMmJmYjczMC1lY2FhLTExZTYtOGY4OC0zNDM2M2JjN2M0YzAiOnsiY3JlYXRlIjozNjAwMDAwMDAwMDAwLCJkZWxldGUiOjYwMDAwMDAwMDAwLCJ1cGRhdGUiOjM2MDAwMDAwMDAwMDB9LCJzY2hlbWFfdmVyc2lvbiI6IjEifQ=="
        }
      ]
    },
    {
      "mode": "managed",
      "type": "digitalocean_droplet",
      "name": "monitoring_exam",
      "provider": "provider[\"registry.terraform.io/digitalocean/digitalocean\"]",
      "instances": [
        {
          "schema_version": 1,
          "attributes": {
            "backup_policy": [],
            "backups": false,
            "created_at": "2026-05-30T06:35:01Z",
            "disk": 50,
            "droplet_agent": null,
            "graceful_shutdown": false,
            "id": "574093972",
            "image": "ubuntu-24-04-x64",
            "ipv4_address": "46.101.231.130",
            "ipv4_address_private": "10.114.0.8",
            "ipv6": false,
            "ipv6_address": "",
            "locked": false,
            "memory": 2048,
            "monitoring": false,
            "name": "minitwit-monitoring-exam",
            "price_hourly": 0.01786,
            "price_monthly": 12,
            "private_networking": true,
            "public_networking": true,
            "region": "fra1",
            "resize_disk": true,
            "size": "s-1vcpu-2gb",
            "ssh_keys": [
              "41:f4:ae:da:02:74:9e:2b:8c:a6:9f:54:67:d8:b8:f8"
            ],
            "status": "active",
            "tags": [
              "monitoring"
            ],
            "timeouts": null,
            "urn": "do:droplet:574093972",
            "user_data": null,
            "vcpus": 1,
            "volume_ids": [],
            "vpc_uuid": "9e132a9d-c502-4c56-abd5-ccdfaba394e7"
          },
          "sensitive_attributes": [],
          "identity_schema_version": 0,
          "private": "eyJlMmJmYjczMC1lY2FhLTExZTYtOGY4OC0zNDM2M2JjN2M0YzAiOnsiY3JlYXRlIjozNjAwMDAwMDAwMDAwLCJkZWxldGUiOjYwMDAwMDAwMDAwLCJ1cGRhdGUiOjM2MDAwMDAwMDAwMDB9LCJzY2hlbWFfdmVyc2lvbiI6IjEifQ=="
        }
      ]
    },
    {
      "mode": "managed",
      "type": "digitalocean_droplet",
      "name": "swarm_node_exam",
      "provider": "provider[\"registry.terraform.io/digitalocean/digitalocean\"]",
      "instances": [
        {
          "index_key": 0,
          "schema_version": 1,
          "attributes": {
            "backup_policy": [],
            "backups": false,
            "created_at": "2026-05-30T06:35:01Z",
            "disk": 50,
            "droplet_agent": null,
            "graceful_shutdown": false,
            "id": "574093971",
            "image": "ubuntu-24-04-x64",
            "ipv4_address": "138.68.94.132",
            "ipv4_address_private": "10.114.0.10",
            "ipv6": false,
            "ipv6_address": "",
            "locked": false,
            "memory": 2048,
            "monitoring": false,
            "name": "swarm-node-1-exam",
            "price_hourly": 0.01786,
            "price_monthly": 12,
            "private_networking": true,
            "public_networking": true,
            "region": "fra1",
            "resize_disk": true,
            "size": "s-1vcpu-2gb",
            "ssh_keys": [
              "41:f4:ae:da:02:74:9e:2b:8c:a6:9f:54:67:d8:b8:f8"
            ],
            "status": "active",
            "tags": [
              "swarm"
            ],
            "timeouts": null,
            "urn": "do:droplet:574093971",
            "user_data": null,
            "vcpus": 1,
            "volume_ids": [],
            "vpc_uuid": "9e132a9d-c502-4c56-abd5-ccdfaba394e7"
          },
          "sensitive_attributes": [],
          "identity_schema_version": 0,
          "private": "eyJlMmJmYjczMC1lY2FhLTExZTYtOGY4OC0zNDM2M2JjN2M0YzAiOnsiY3JlYXRlIjozNjAwMDAwMDAwMDAwLCJkZWxldGUiOjYwMDAwMDAwMDAwLCJ1cGRhdGUiOjM2MDAwMDAwMDAwMDB9LCJzY2hlbWFfdmVyc2lvbiI6IjEifQ=="
        },
        {
          "index_key": 1,
          "schema_version": 1,
          "attributes": {
            "backup_policy": [],
            "backups": false,
            "created_at": "2026-05-30T06:35:01Z",
            "disk": 50,
            "droplet_agent": null,
            "graceful_shutdown": false,
            "id": "574093973",
            "image": "ubuntu-24-04-x64",
            "ipv4_address": "64.226.75.91",
            "ipv4_address_private": "10.114.0.12",
            "ipv6": false,
            "ipv6_address": "",
            "locked": false,
            "memory": 2048,
            "monitoring": false,
            "name": "swarm-node-2-exam",
            "price_hourly": 0.01786,
            "price_monthly": 12,
            "private_networking": true,
            "public_networking": true,
            "region": "fra1",
            "resize_disk": true,
            "size": "s-1vcpu-2gb",
            "ssh_keys": [
              "41:f4:ae:da:02:74:9e:2b:8c:a6:9f:54:67:d8:b8:f8"
            ],
            "status": "active",
            "tags": [
              "swarm"
            ],
            "timeouts": null,
            "urn": "do:droplet:574093973",
            "user_data": null,
            "vcpus": 1,
            "volume_ids": [],
            "vpc_uuid": "9e132a9d-c502-4c56-abd5-ccdfaba394e7"
          },
          "sensitive_attributes": [],
          "identity_schema_version": 0,
          "private": "eyJlMmJmYjczMC1lY2FhLTExZTYtOGY4OC0zNDM2M2JjN2M0YzAiOnsiY3JlYXRlIjozNjAwMDAwMDAwMDAwLCJkZWxldGUiOjYwMDAwMDAwMDAwLCJ1cGRhdGUiOjM2MDAwMDAwMDAwMDB9LCJzY2hlbWFfdmVyc2lvbiI6IjEifQ=="
        },
        {
          "index_key": 2,
          "schema_version": 1,
          "attributes": {
            "backup_policy": [],
            "backups": false,
            "created_at": "2026-05-30T06:35:01Z",
            "disk": 50,
            "droplet_agent": null,
            "graceful_shutdown": false,
            "id": "574093970",
            "image": "ubuntu-24-04-x64",
            "ipv4_address": "165.227.163.241",
            "ipv4_address_private": "10.114.0.9",
            "ipv6": false,
            "ipv6_address": "",
            "locked": false,
            "memory": 2048,
            "monitoring": false,
            "name": "swarm-node-3-exam",
            "price_hourly": 0.01786,
            "price_monthly": 12,
            "private_networking": true,
            "public_networking": true,
            "region": "fra1",
            "resize_disk": true,
            "size": "s-1vcpu-2gb",
            "ssh_keys": [
              "41:f4:ae:da:02:74:9e:2b:8c:a6:9f:54:67:d8:b8:f8"
            ],
            "status": "active",
            "tags": [
              "swarm"
            ],
            "timeouts": null,
            "urn": "do:droplet:574093970",
            "user_data": null,
            "vcpus": 1,
            "volume_ids": [],
            "vpc_uuid": "9e132a9d-c502-4c56-abd5-ccdfaba394e7"
          },
          "sensitive_attributes": [],
          "identity_schema_version": 0,
          "private": "eyJlMmJmYjczMC1lY2FhLTExZTYtOGY4OC0zNDM2M2JjN2M0YzAiOnsiY3JlYXRlIjozNjAwMDAwMDAwMDAwLCJkZWxldGUiOjYwMDAwMDAwMDAwLCJ1cGRhdGUiOjM2MDAwMDAwMDAwMDB9LCJzY2hlbWFfdmVyc2lvbiI6IjEifQ=="
        }
      ]
    },
    {
      "mode": "managed",
      "type": "digitalocean_volume_attachment",
      "name": "db_volume_attachment",
      "provider": "provider[\"registry.terraform.io/digitalocean/digitalocean\"]",
      "instances": [
        {
          "schema_version": 0,
          "attributes": {
            "droplet_id": 574093974,
            "id": "574093974-93de46a1-5bf0-11f1-907e-0a58ac12ea98-20260530063555753100000002",
            "volume_id": "93de46a1-5bf0-11f1-907e-0a58ac12ea98"
          },
          "sensitive_attributes": [],
          "identity_schema_version": 0,
          "private": "bnVsbA==",
          "dependencies": [
            "data.digitalocean_volume.volume_db_exam",
            "digitalocean_droplet.db_exam"
          ]
        }
      ]
    },
    {
      "mode": "managed",
      "type": "digitalocean_volume_attachment",
      "name": "monitoring_volume_attachment",
      "provider": "provider[\"registry.terraform.io/digitalocean/digitalocean\"]",
      "instances": [
        {
          "schema_version": 0,
          "attributes": {
            "droplet_id": 574093972,
            "id": "574093972-83a9175e-5bf0-11f1-b6de-0a58ac12edaa-20260530063555333300000001",
            "volume_id": "83a9175e-5bf0-11f1-b6de-0a58ac12edaa"
          },
          "sensitive_attributes": [],
          "identity_schema_version": 0,
          "private": "bnVsbA==",
          "dependencies": [
            "data.digitalocean_volume.volume_monitoring_exam",
            "digitalocean_droplet.monitoring_exam"
          ]
        }
      ]
    }
  ],
  "check_results": null
}
